
Microsoft Visual Studio Solution File, Format Version 12.00
# Visual Studio Version 17
VisualStudioVersion = 17.4.33103.184
MinimumVisualStudioVersion = 10.0.40219.1
Project("{FAE04EC0-301F-11D3-BF4B-00C04F79EFBC}") = "Assignment", "Assignment\Assignment.csproj", "{14CCDD20-B666-4028-B8D5-45EB0074C820}"
EndProject
Project("{FAE04EC0-301F-11D3-BF4B-00C04F79EFBC}") = "Assignment-wpf", "Assignment-wpf\Assignment-wpf.csproj", "{5D20D256-030F-462A-B1DD-5AE2C7697266}"
EndProject
Global
	GlobalSection(SolutionConfigurationPlatforms) = preSolution
		Debug|Any CPU = Debug|Any CPU
		Release|Any CPU = Release|Any CPU
	EndGlobalSection
	GlobalSection(ProjectConfigurationPlatforms) = postSolution
		{14CCDD20-B666-4028-B8D5-45EB0074C820}.Debug|Any CPU.ActiveCfg = Debug|Any CPU
		{14CCDD20-B666-4028-B8D5-45EB0074C820}.Debug|Any CPU.Build.0 = Debug|Any CPU
		{14CCDD20-B666-4028-B8D5-45EB0074C820}.Release|Any CPU.ActiveCfg = Release|Any CPU
		{14CCDD20-B666-4028-B8D5-45EB0074C820}.Release|Any CPU.Build.0 = Release|Any CPU
		{5D20D256-030F-462A-B1DD-5AE2C7697266}.Debug|Any CPU.ActiveCfg = Debug|Any CPU
		{5D20D256-030F-462A-B1DD-5AE2C7697266}.Debug|Any CPU.Build.0 = Debug|Any CPU
		{5D20D256-030F-462A-B1DD-5AE2C7697266}.Release|Any CPU.ActiveCfg = Release|Any CPU
		{5D20D256-030F-462A-B1DD-5AE2C7697266}.Release|Any CPU.Build.0 = Release|Any CPU
	EndGlobalSection
	GlobalSection(SolutionProperties) = preSolution
		HideSolutionNode = FALSE
	EndGlobalSection
	GlobalSection(ExtensibilityGlobals) = postSolution
		SolutionGuid = {A13EBC16-E6FA-4BF6-99C9-063FC61E646A}
	EndGlobalSection
EndGlobal
